
Microsoft Visual Studio Solution File, Format Version 12.00
# Visual Studio 15
VisualStudioVersion = 15.0.28307.1000
MinimumVisualStudioVersion = 10.0.40219.1
Project("{888888A0-9F3D-457C-B088-3A5042F75D52}") = "Searcher", "Searcher\Searcher.pyproj", "{8E0FFA10-7B94-4A81-AD73-7C9413714BFA}"
EndProject
Global
	GlobalSection(SolutionConfigurationPlatforms) = preSolution
		Debug|Any CPU = Debug|Any CPU
		Release|Any CPU = Release|Any CPU
	EndGlobalSection
	GlobalSection(ProjectConfigurationPlatforms) = postSolution
		{8E0FFA10-7B94-4A81-AD73-7C9413714BFA}.Debug|Any CPU.ActiveCfg = Debug|Any CPU
		{8E0FFA10-7B94-4A81-AD73-7C9413714BFA}.Release|Any CPU.ActiveCfg = Release|Any CPU
	EndGlobalSection
	GlobalSection(SolutionProperties) = preSolution
		HideSolutionNode = FALSE
	EndGlobalSection
	GlobalSection(ExtensibilityGlobals) = postSolution
		SolutionGuid = {2724382C-C0FA-4C5A-B135-C25F5E03911E}
	EndGlobalSection
EndGlobal
